
Microsoft Visual Studio Solution File, Format Version 12.00
# Visual Studio 15
VisualStudioVersion = 15.0.27130.2024
MinimumVisualStudioVersion = 10.0.40219.1
Project("{FAE04EC0-301F-11D3-BF4B-00C04F79EFBC}") = "iota.lib.dotnet", "iota.lib.dotnet\iota.lib.dotnet.csproj", "{B30E4377-FCDE-4B07-BDEC-8C2BEB7AB606}"
EndProject
Global
	GlobalSection(SolutionConfigurationPlatforms) = preSolution
		Debug|Any CPU = Debug|Any CPU
		Release|Any CPU = Release|Any CPU
	EndGlobalSection
	GlobalSection(ProjectConfigurationPlatforms) = postSolution
		{B30E4377-FCDE-4B07-BDEC-8C2BEB7AB606}.Debug|Any CPU.ActiveCfg = Debug|Any CPU
		{B30E4377-FCDE-4B07-BDEC-8C2BEB7AB606}.Debug|Any CPU.Build.0 = Debug|Any CPU
		{B30E4377-FCDE-4B07-BDEC-8C2BEB7AB606}.Release|Any CPU.ActiveCfg = Release|Any CPU
		{B30E4377-FCDE-4B07-BDEC-8C2BEB7AB606}.Release|Any CPU.Build.0 = Release|Any CPU
	EndGlobalSection
	GlobalSection(SolutionProperties) = preSolution
		HideSolutionNode = FALSE
	EndGlobalSection
	GlobalSection(ExtensibilityGlobals) = postSolution
		SolutionGuid = {9DE48BA4-F6CE-43ED-A403-49CB8198C57E}
	EndGlobalSection
EndGlobal
