
Microsoft Visual Studio Solution File, Format Version 12.00
# Visual Studio 15
VisualStudioVersion = 15.0.27130.2026
MinimumVisualStudioVersion = 10.0.40219.1
Project("{9A19103F-16F7-4668-BE54-9A1E7A4F7556}") = "Iota.Lib.Api", "Iota.Lib.Api\Iota.Lib.Api.csproj", "{53B27502-F590-4793-A872-93C36A293914}"
EndProject
Project("{FAE04EC0-301F-11D3-BF4B-00C04F79EFBC}") = "Iota.Lib.Test", "Iota.Lib.Test\Iota.Lib.Test.csproj", "{DBEFAC87-79B2-46C4-8A21-120C975C34EC}"
EndProject
Global
	GlobalSection(SolutionConfigurationPlatforms) = preSolution
		Debug|Any CPU = Debug|Any CPU
		Release|Any CPU = Release|Any CPU
	EndGlobalSection
	GlobalSection(ProjectConfigurationPlatforms) = postSolution
		{53B27502-F590-4793-A872-93C36A293914}.Debug|Any CPU.ActiveCfg = Debug|Any CPU
		{53B27502-F590-4793-A872-93C36A293914}.Debug|Any CPU.Build.0 = Debug|Any CPU
		{53B27502-F590-4793-A872-93C36A293914}.Release|Any CPU.ActiveCfg = Release|Any CPU
		{53B27502-F590-4793-A872-93C36A293914}.Release|Any CPU.Build.0 = Release|Any CPU
		{DBEFAC87-79B2-46C4-8A21-120C975C34EC}.Debug|Any CPU.ActiveCfg = Debug|Any CPU
		{DBEFAC87-79B2-46C4-8A21-120C975C34EC}.Debug|Any CPU.Build.0 = Debug|Any CPU
		{DBEFAC87-79B2-46C4-8A21-120C975C34EC}.Release|Any CPU.ActiveCfg = Release|Any CPU
		{DBEFAC87-79B2-46C4-8A21-120C975C34EC}.Release|Any CPU.Build.0 = Release|Any CPU
	EndGlobalSection
	GlobalSection(SolutionProperties) = preSolution
		HideSolutionNode = FALSE
	EndGlobalSection
	GlobalSection(ExtensibilityGlobals) = postSolution
		SolutionGuid = {9DE48BA4-F6CE-43ED-A403-49CB8198C57E}
	EndGlobalSection
EndGlobal
